
Microsoft Visual Studio Solution File, Format Version 12.00
# Visual Studio 14
VisualStudioVersion = 14.0.25420.1
MinimumVisualStudioVersion = 10.0.40219.1
Project("{FAE04EC0-301F-11D3-BF4B-00C04F79EFBC}") = "MvpDemo.Web", "MvpDemo.Web\MvpDemo.Web.csproj", "{B5808679-6669-4B70-AC5B-0BC80869C24A}"
EndProject
Project("{FAE04EC0-301F-11D3-BF4B-00C04F79EFBC}") = "MvpDemo.Web.Tests", "MvpDemo.Web.Tests\MvpDemo.Web.Tests.csproj", "{2B89336E-8E36-4695-A686-D3BE5922C0D5}"
EndProject
Global
	GlobalSection(SolutionConfigurationPlatforms) = preSolution
		Debug|Any CPU = Debug|Any CPU
		Release|Any CPU = Release|Any CPU
	EndGlobalSection
	GlobalSection(ProjectConfigurationPlatforms) = postSolution
		{B5808679-6669-4B70-AC5B-0BC80869C24A}.Debug|Any CPU.ActiveCfg = Debug|Any CPU
		{B5808679-6669-4B70-AC5B-0BC80869C24A}.Debug|Any CPU.Build.0 = Debug|Any CPU
		{B5808679-6669-4B70-AC5B-0BC80869C24A}.Release|Any CPU.ActiveCfg = Release|Any CPU
		{B5808679-6669-4B70-AC5B-0BC80869C24A}.Release|Any CPU.Build.0 = Release|Any CPU
		{2B89336E-8E36-4695-A686-D3BE5922C0D5}.Debug|Any CPU.ActiveCfg = Debug|Any CPU
		{2B89336E-8E36-4695-A686-D3BE5922C0D5}.Debug|Any CPU.Build.0 = Debug|Any CPU
		{2B89336E-8E36-4695-A686-D3BE5922C0D5}.Release|Any CPU.ActiveCfg = Release|Any CPU
		{2B89336E-8E36-4695-A686-D3BE5922C0D5}.Release|Any CPU.Build.0 = Release|Any CPU
	EndGlobalSection
	GlobalSection(SolutionProperties) = preSolution
		HideSolutionNode = FALSE
	EndGlobalSection
EndGlobal
