
Microsoft Visual Studio Solution File, Format Version 12.00
# Visual Studio 14
VisualStudioVersion = 14.0.25420.1
MinimumVisualStudioVersion = 10.0.40219.1
Project("{FAE04EC0-301F-11D3-BF4B-00C04F79EFBC}") = "MvpDemo.Web", "MvpDemo.Web\MvpDemo.Web.csproj", "{B5808679-6669-4B70-AC5B-0BC80869C24A}"
EndProject
Project("{2150E333-8FDC-42A3-9474-1A3956D46DE8}") = "Source", "Source", "{71A1F9DB-0FAF-4700-85E6-D46C882B64F3}"
EndProject
Project("{2150E333-8FDC-42A3-9474-1A3956D46DE8}") = "Tests", "Tests", "{36B4FE37-01CA-4677-9505-85CB0115BF94}"
EndProject
Project("{FAE04EC0-301F-11D3-BF4B-00C04F79EFBC}") = "MvpDemo.Domain", "MvpDemo.Domain\MvpDemo.Domain.csproj", "{3E72F280-C68C-4731-BC27-43280AC3DC0D}"
EndProject
Project("{FAE04EC0-301F-11D3-BF4B-00C04F79EFBC}") = "MvpDemo.Data.Tests", "MvpDemo.Data.Tests\MvpDemo.Data.Tests.csproj", "{33F21A58-8B31-46CC-94FE-BD0D3BABAD1E}"
EndProject
Project("{FAE04EC0-301F-11D3-BF4B-00C04F79EFBC}") = "MvpDemo.Data", "MvpDemo.Data\MvpDemo.Data.csproj", "{855B700E-0F90-4923-BAD3-0CF0CB04CF44}"
EndProject
Project("{FAE04EC0-301F-11D3-BF4B-00C04F79EFBC}") = "MvpDemo.Presentation", "MvpDemo.Presentation\MvpDemo.Presentation.csproj", "{28B6A438-DC6B-4220-BCCC-B85636B36A3B}"
EndProject
Project("{FAE04EC0-301F-11D3-BF4B-00C04F79EFBC}") = "MvpDemo.Services", "MvpDemo.Services\MvpDemo.Services.csproj", "{A9631340-FC92-4772-8B53-365F19DCE606}"
EndProject
Project("{FAE04EC0-301F-11D3-BF4B-00C04F79EFBC}") = "MvpDemo.Presentation.Tests", "MvpDemo.Presentation.Tests\MvpDemo.Presentation.Tests.csproj", "{E1552AA4-914C-48D2-9F0A-6E1E551E1F74}"
EndProject
Project("{FAE04EC0-301F-11D3-BF4B-00C04F79EFBC}") = "MvpDemo.Services.Tests", "MvpDemo.Services.Tests\MvpDemo.Services.Tests.csproj", "{C5FEDC57-D47B-4DCB-8819-E66BC5ECB56E}"
EndProject
Project("{FAE04EC0-301F-11D3-BF4B-00C04F79EFBC}") = "MvpDemo.Desktop", "MvpDemo.Desktop\MvpDemo.Desktop.csproj", "{9D10243F-DABC-4306-BDE2-A3CC1C9D23A1}"
EndProject
Project("{FAE04EC0-301F-11D3-BF4B-00C04F79EFBC}") = "MvpDemo.Infrasctructure", "MvpDemo.System\MvpDemo.Infrasctructure.csproj", "{26347FD6-53ED-4518-9029-12DAA5E8DF3C}"
EndProject
Project("{2150E333-8FDC-42A3-9474-1A3956D46DE8}") = "Solution Items", "Solution Items", "{C1CE773E-44A2-4BEE-9D70-E83F3E743CD1}"
	ProjectSection(SolutionItems) = preProject
		readme.md = readme.md
	EndProjectSection
EndProject
Global
	GlobalSection(SolutionConfigurationPlatforms) = preSolution
		Debug|Any CPU = Debug|Any CPU
		Release|Any CPU = Release|Any CPU
	EndGlobalSection
	GlobalSection(ProjectConfigurationPlatforms) = postSolution
		{B5808679-6669-4B70-AC5B-0BC80869C24A}.Debug|Any CPU.ActiveCfg = Debug|Any CPU
		{B5808679-6669-4B70-AC5B-0BC80869C24A}.Debug|Any CPU.Build.0 = Debug|Any CPU
		{B5808679-6669-4B70-AC5B-0BC80869C24A}.Release|Any CPU.ActiveCfg = Release|Any CPU
		{B5808679-6669-4B70-AC5B-0BC80869C24A}.Release|Any CPU.Build.0 = Release|Any CPU
		{3E72F280-C68C-4731-BC27-43280AC3DC0D}.Debug|Any CPU.ActiveCfg = Debug|Any CPU
		{3E72F280-C68C-4731-BC27-43280AC3DC0D}.Debug|Any CPU.Build.0 = Debug|Any CPU
		{3E72F280-C68C-4731-BC27-43280AC3DC0D}.Release|Any CPU.ActiveCfg = Release|Any CPU
		{3E72F280-C68C-4731-BC27-43280AC3DC0D}.Release|Any CPU.Build.0 = Release|Any CPU
		{33F21A58-8B31-46CC-94FE-BD0D3BABAD1E}.Debug|Any CPU.ActiveCfg = Debug|Any CPU
		{33F21A58-8B31-46CC-94FE-BD0D3BABAD1E}.Debug|Any CPU.Build.0 = Debug|Any CPU
		{33F21A58-8B31-46CC-94FE-BD0D3BABAD1E}.Release|Any CPU.ActiveCfg = Release|Any CPU
		{33F21A58-8B31-46CC-94FE-BD0D3BABAD1E}.Release|Any CPU.Build.0 = Release|Any CPU
		{855B700E-0F90-4923-BAD3-0CF0CB04CF44}.Debug|Any CPU.ActiveCfg = Debug|Any CPU
		{855B700E-0F90-4923-BAD3-0CF0CB04CF44}.Debug|Any CPU.Build.0 = Debug|Any CPU
		{855B700E-0F90-4923-BAD3-0CF0CB04CF44}.Release|Any CPU.ActiveCfg = Release|Any CPU
		{855B700E-0F90-4923-BAD3-0CF0CB04CF44}.Release|Any CPU.Build.0 = Release|Any CPU
		{28B6A438-DC6B-4220-BCCC-B85636B36A3B}.Debug|Any CPU.ActiveCfg = Debug|Any CPU
		{28B6A438-DC6B-4220-BCCC-B85636B36A3B}.Debug|Any CPU.Build.0 = Debug|Any CPU
		{28B6A438-DC6B-4220-BCCC-B85636B36A3B}.Release|Any CPU.ActiveCfg = Release|Any CPU
		{28B6A438-DC6B-4220-BCCC-B85636B36A3B}.Release|Any CPU.Build.0 = Release|Any CPU
		{A9631340-FC92-4772-8B53-365F19DCE606}.Debug|Any CPU.ActiveCfg = Debug|Any CPU
		{A9631340-FC92-4772-8B53-365F19DCE606}.Debug|Any CPU.Build.0 = Debug|Any CPU
		{A9631340-FC92-4772-8B53-365F19DCE606}.Release|Any CPU.ActiveCfg = Release|Any CPU
		{A9631340-FC92-4772-8B53-365F19DCE606}.Release|Any CPU.Build.0 = Release|Any CPU
		{E1552AA4-914C-48D2-9F0A-6E1E551E1F74}.Debug|Any CPU.ActiveCfg = Debug|Any CPU
		{E1552AA4-914C-48D2-9F0A-6E1E551E1F74}.Debug|Any CPU.Build.0 = Debug|Any CPU
		{E1552AA4-914C-48D2-9F0A-6E1E551E1F74}.Release|Any CPU.ActiveCfg = Release|Any CPU
		{E1552AA4-914C-48D2-9F0A-6E1E551E1F74}.Release|Any CPU.Build.0 = Release|Any CPU
		{C5FEDC57-D47B-4DCB-8819-E66BC5ECB56E}.Debug|Any CPU.ActiveCfg = Debug|Any CPU
		{C5FEDC57-D47B-4DCB-8819-E66BC5ECB56E}.Debug|Any CPU.Build.0 = Debug|Any CPU
		{C5FEDC57-D47B-4DCB-8819-E66BC5ECB56E}.Release|Any CPU.ActiveCfg = Release|Any CPU
		{C5FEDC57-D47B-4DCB-8819-E66BC5ECB56E}.Release|Any CPU.Build.0 = Release|Any CPU
		{9D10243F-DABC-4306-BDE2-A3CC1C9D23A1}.Debug|Any CPU.ActiveCfg = Debug|Any CPU
		{9D10243F-DABC-4306-BDE2-A3CC1C9D23A1}.Debug|Any CPU.Build.0 = Debug|Any CPU
		{9D10243F-DABC-4306-BDE2-A3CC1C9D23A1}.Release|Any CPU.ActiveCfg = Release|Any CPU
		{9D10243F-DABC-4306-BDE2-A3CC1C9D23A1}.Release|Any CPU.Build.0 = Release|Any CPU
		{26347FD6-53ED-4518-9029-12DAA5E8DF3C}.Debug|Any CPU.ActiveCfg = Debug|Any CPU
		{26347FD6-53ED-4518-9029-12DAA5E8DF3C}.Debug|Any CPU.Build.0 = Debug|Any CPU
		{26347FD6-53ED-4518-9029-12DAA5E8DF3C}.Release|Any CPU.ActiveCfg = Release|Any CPU
		{26347FD6-53ED-4518-9029-12DAA5E8DF3C}.Release|Any CPU.Build.0 = Release|Any CPU
	EndGlobalSection
	GlobalSection(SolutionProperties) = preSolution
		HideSolutionNode = FALSE
	EndGlobalSection
	GlobalSection(NestedProjects) = preSolution
		{B5808679-6669-4B70-AC5B-0BC80869C24A} = {71A1F9DB-0FAF-4700-85E6-D46C882B64F3}
		{3E72F280-C68C-4731-BC27-43280AC3DC0D} = {71A1F9DB-0FAF-4700-85E6-D46C882B64F3}
		{33F21A58-8B31-46CC-94FE-BD0D3BABAD1E} = {36B4FE37-01CA-4677-9505-85CB0115BF94}
		{855B700E-0F90-4923-BAD3-0CF0CB04CF44} = {71A1F9DB-0FAF-4700-85E6-D46C882B64F3}
		{28B6A438-DC6B-4220-BCCC-B85636B36A3B} = {71A1F9DB-0FAF-4700-85E6-D46C882B64F3}
		{A9631340-FC92-4772-8B53-365F19DCE606} = {71A1F9DB-0FAF-4700-85E6-D46C882B64F3}
		{E1552AA4-914C-48D2-9F0A-6E1E551E1F74} = {36B4FE37-01CA-4677-9505-85CB0115BF94}
		{C5FEDC57-D47B-4DCB-8819-E66BC5ECB56E} = {36B4FE37-01CA-4677-9505-85CB0115BF94}
		{9D10243F-DABC-4306-BDE2-A3CC1C9D23A1} = {71A1F9DB-0FAF-4700-85E6-D46C882B64F3}
		{26347FD6-53ED-4518-9029-12DAA5E8DF3C} = {71A1F9DB-0FAF-4700-85E6-D46C882B64F3}
	EndGlobalSection
EndGlobal
